
Microsoft Visual Studio Solution File, Format Version 12.00
# Visual Studio Version 17
VisualStudioVersion = 17.0.31903.59
MinimumVisualStudioVersion = 10.0.40219.1
Project("{FAE04EC0-301F-11D3-BF4B-00C04F79EFBC}") = "SyntaxAndDataTypes", "SyntaxAndDataTypes\SyntaxAndDataTypes.csproj", "{2C6E4189-7C80-4B45-B572-A20B439C0C7F}"
EndProject
Project("{FAE04EC0-301F-11D3-BF4B-00C04F79EFBC}") = "ConditionalsAndControlFlow", "ConditionalsAndControlFlow\ConditionalsAndControlFlow.csproj", "{65DF773D-CC9D-4D1E-8DED-2CA3F5788236}"
EndProject
Project("{FAE04EC0-301F-11D3-BF4B-00C04F79EFBC}") = "NumberGuessingGame", "NumberGuessingGame\NumberGuessingGame.csproj", "{A7D9003E-BA9D-4D1D-B48F-98D33F2C6CE4}"
EndProject
Project("{FAE04EC0-301F-11D3-BF4B-00C04F79EFBC}") = "LeapYearChecker", "LeapYearChecker\LeapYearChecker.csproj", "{46EE1A22-3AD7-4454-8686-0855CD915DAD}"
EndProject
Project("{FAE04EC0-301F-11D3-BF4B-00C04F79EFBC}") = "SimpleCalculator", "SimpleCalculator\SimpleCalculator.csproj", "{4971C13C-2A92-4B99-8F07-2690EECE9F1B}"
EndProject
Project("{FAE04EC0-301F-11D3-BF4B-00C04F79EFBC}") = "FactorialCalculator", "FactorialCalculator\FactorialCalculator.csproj", "{CB053426-931F-49FB-8CE0-1343815E4D90}"
EndProject
Project("{FAE04EC0-301F-11D3-BF4B-00C04F79EFBC}") = "OOP", "OOP\OOP.csproj", "{F8D69543-19C6-437B-BF53-90520038CF38}"
EndProject
Project("{FAE04EC0-301F-11D3-BF4B-00C04F79EFBC}") = "ClassesAndObject", "ClassesAndObject\ClassesAndObject.csproj", "{0E4FB8A2-F751-43CB-9F0C-18B1305E93D6}"
EndProject
Global
	GlobalSection(SolutionConfigurationPlatforms) = preSolution
		Debug|Any CPU = Debug|Any CPU
		Debug|x64 = Debug|x64
		Debug|x86 = Debug|x86
		Release|Any CPU = Release|Any CPU
		Release|x64 = Release|x64
		Release|x86 = Release|x86
	EndGlobalSection
	GlobalSection(ProjectConfigurationPlatforms) = postSolution
		{2C6E4189-7C80-4B45-B572-A20B439C0C7F}.Debug|Any CPU.ActiveCfg = Debug|Any CPU
		{2C6E4189-7C80-4B45-B572-A20B439C0C7F}.Debug|Any CPU.Build.0 = Debug|Any CPU
		{2C6E4189-7C80-4B45-B572-A20B439C0C7F}.Debug|x64.ActiveCfg = Debug|Any CPU
		{2C6E4189-7C80-4B45-B572-A20B439C0C7F}.Debug|x64.Build.0 = Debug|Any CPU
		{2C6E4189-7C80-4B45-B572-A20B439C0C7F}.Debug|x86.ActiveCfg = Debug|Any CPU
		{2C6E4189-7C80-4B45-B572-A20B439C0C7F}.Debug|x86.Build.0 = Debug|Any CPU
		{2C6E4189-7C80-4B45-B572-A20B439C0C7F}.Release|Any CPU.ActiveCfg = Release|Any CPU
		{2C6E4189-7C80-4B45-B572-A20B439C0C7F}.Release|Any CPU.Build.0 = Release|Any CPU
		{2C6E4189-7C80-4B45-B572-A20B439C0C7F}.Release|x64.ActiveCfg = Release|Any CPU
		{2C6E4189-7C80-4B45-B572-A20B439C0C7F}.Release|x64.Build.0 = Release|Any CPU
		{2C6E4189-7C80-4B45-B572-A20B439C0C7F}.Release|x86.ActiveCfg = Release|Any CPU
		{2C6E4189-7C80-4B45-B572-A20B439C0C7F}.Release|x86.Build.0 = Release|Any CPU
		{65DF773D-CC9D-4D1E-8DED-2CA3F5788236}.Debug|Any CPU.ActiveCfg = Debug|Any CPU
		{65DF773D-CC9D-4D1E-8DED-2CA3F5788236}.Debug|Any CPU.Build.0 = Debug|Any CPU
		{65DF773D-CC9D-4D1E-8DED-2CA3F5788236}.Debug|x64.ActiveCfg = Debug|Any CPU
		{65DF773D-CC9D-4D1E-8DED-2CA3F5788236}.Debug|x64.Build.0 = Debug|Any CPU
		{65DF773D-CC9D-4D1E-8DED-2CA3F5788236}.Debug|x86.ActiveCfg = Debug|Any CPU
		{65DF773D-CC9D-4D1E-8DED-2CA3F5788236}.Debug|x86.Build.0 = Debug|Any CPU
		{65DF773D-CC9D-4D1E-8DED-2CA3F5788236}.Release|Any CPU.ActiveCfg = Release|Any CPU
		{65DF773D-CC9D-4D1E-8DED-2CA3F5788236}.Release|Any CPU.Build.0 = Release|Any CPU
		{65DF773D-CC9D-4D1E-8DED-2CA3F5788236}.Release|x64.ActiveCfg = Release|Any CPU
		{65DF773D-CC9D-4D1E-8DED-2CA3F5788236}.Release|x64.Build.0 = Release|Any CPU
		{65DF773D-CC9D-4D1E-8DED-2CA3F5788236}.Release|x86.ActiveCfg = Release|Any CPU
		{65DF773D-CC9D-4D1E-8DED-2CA3F5788236}.Release|x86.Build.0 = Release|Any CPU
		{A7D9003E-BA9D-4D1D-B48F-98D33F2C6CE4}.Debug|Any CPU.ActiveCfg = Debug|Any CPU
		{A7D9003E-BA9D-4D1D-B48F-98D33F2C6CE4}.Debug|Any CPU.Build.0 = Debug|Any CPU
		{A7D9003E-BA9D-4D1D-B48F-98D33F2C6CE4}.Debug|x64.ActiveCfg = Debug|Any CPU
		{A7D9003E-BA9D-4D1D-B48F-98D33F2C6CE4}.Debug|x64.Build.0 = Debug|Any CPU
		{A7D9003E-BA9D-4D1D-B48F-98D33F2C6CE4}.Debug|x86.ActiveCfg = Debug|Any CPU
		{A7D9003E-BA9D-4D1D-B48F-98D33F2C6CE4}.Debug|x86.Build.0 = Debug|Any CPU
		{A7D9003E-BA9D-4D1D-B48F-98D33F2C6CE4}.Release|Any CPU.ActiveCfg = Release|Any CPU
		{A7D9003E-BA9D-4D1D-B48F-98D33F2C6CE4}.Release|Any CPU.Build.0 = Release|Any CPU
		{A7D9003E-BA9D-4D1D-B48F-98D33F2C6CE4}.Release|x64.ActiveCfg = Release|Any CPU
		{A7D9003E-BA9D-4D1D-B48F-98D33F2C6CE4}.Release|x64.Build.0 = Release|Any CPU
		{A7D9003E-BA9D-4D1D-B48F-98D33F2C6CE4}.Release|x86.ActiveCfg = Release|Any CPU
		{A7D9003E-BA9D-4D1D-B48F-98D33F2C6CE4}.Release|x86.Build.0 = Release|Any CPU
		{46EE1A22-3AD7-4454-8686-0855CD915DAD}.Debug|Any CPU.ActiveCfg = Debug|Any CPU
		{46EE1A22-3AD7-4454-8686-0855CD915DAD}.Debug|Any CPU.Build.0 = Debug|Any CPU
		{46EE1A22-3AD7-4454-8686-0855CD915DAD}.Debug|x64.ActiveCfg = Debug|Any CPU
		{46EE1A22-3AD7-4454-8686-0855CD915DAD}.Debug|x64.Build.0 = Debug|Any CPU
		{46EE1A22-3AD7-4454-8686-0855CD915DAD}.Debug|x86.ActiveCfg = Debug|Any CPU
		{46EE1A22-3AD7-4454-8686-0855CD915DAD}.Debug|x86.Build.0 = Debug|Any CPU
		{46EE1A22-3AD7-4454-8686-0855CD915DAD}.Release|Any CPU.ActiveCfg = Release|Any CPU
		{46EE1A22-3AD7-4454-8686-0855CD915DAD}.Release|Any CPU.Build.0 = Release|Any CPU
		{46EE1A22-3AD7-4454-8686-0855CD915DAD}.Release|x64.ActiveCfg = Release|Any CPU
		{46EE1A22-3AD7-4454-8686-0855CD915DAD}.Release|x64.Build.0 = Release|Any CPU
		{46EE1A22-3AD7-4454-8686-0855CD915DAD}.Release|x86.ActiveCfg = Release|Any CPU
		{46EE1A22-3AD7-4454-8686-0855CD915DAD}.Release|x86.Build.0 = Release|Any CPU
		{4971C13C-2A92-4B99-8F07-2690EECE9F1B}.Debug|Any CPU.ActiveCfg = Debug|Any CPU
		{4971C13C-2A92-4B99-8F07-2690EECE9F1B}.Debug|Any CPU.Build.0 = Debug|Any CPU
		{4971C13C-2A92-4B99-8F07-2690EECE9F1B}.Debug|x64.ActiveCfg = Debug|Any CPU
		{4971C13C-2A92-4B99-8F07-2690EECE9F1B}.Debug|x64.Build.0 = Debug|Any CPU
		{4971C13C-2A92-4B99-8F07-2690EECE9F1B}.Debug|x86.ActiveCfg = Debug|Any CPU
		{4971C13C-2A92-4B99-8F07-2690EECE9F1B}.Debug|x86.Build.0 = Debug|Any CPU
		{4971C13C-2A92-4B99-8F07-2690EECE9F1B}.Release|Any CPU.ActiveCfg = Release|Any CPU
		{4971C13C-2A92-4B99-8F07-2690EECE9F1B}.Release|Any CPU.Build.0 = Release|Any CPU
		{4971C13C-2A92-4B99-8F07-2690EECE9F1B}.Release|x64.ActiveCfg = Release|Any CPU
		{4971C13C-2A92-4B99-8F07-2690EECE9F1B}.Release|x64.Build.0 = Release|Any CPU
		{4971C13C-2A92-4B99-8F07-2690EECE9F1B}.Release|x86.ActiveCfg = Release|Any CPU
		{4971C13C-2A92-4B99-8F07-2690EECE9F1B}.Release|x86.Build.0 = Release|Any CPU
		{CB053426-931F-49FB-8CE0-1343815E4D90}.Debug|Any CPU.ActiveCfg = Debug|Any CPU
		{CB053426-931F-49FB-8CE0-1343815E4D90}.Debug|Any CPU.Build.0 = Debug|Any CPU
		{CB053426-931F-49FB-8CE0-1343815E4D90}.Debug|x64.ActiveCfg = Debug|Any CPU
		{CB053426-931F-49FB-8CE0-1343815E4D90}.Debug|x64.Build.0 = Debug|Any CPU
		{CB053426-931F-49FB-8CE0-1343815E4D90}.Debug|x86.ActiveCfg = Debug|Any CPU
		{CB053426-931F-49FB-8CE0-1343815E4D90}.Debug|x86.Build.0 = Debug|Any CPU
		{CB053426-931F-49FB-8CE0-1343815E4D90}.Release|Any CPU.ActiveCfg = Release|Any CPU
		{CB053426-931F-49FB-8CE0-1343815E4D90}.Release|Any CPU.Build.0 = Release|Any CPU
		{CB053426-931F-49FB-8CE0-1343815E4D90}.Release|x64.ActiveCfg = Release|Any CPU
		{CB053426-931F-49FB-8CE0-1343815E4D90}.Release|x64.Build.0 = Release|Any CPU
		{CB053426-931F-49FB-8CE0-1343815E4D90}.Release|x86.ActiveCfg = Release|Any CPU
		{CB053426-931F-49FB-8CE0-1343815E4D90}.Release|x86.Build.0 = Release|Any CPU
		{F8D69543-19C6-437B-BF53-90520038CF38}.Debug|Any CPU.ActiveCfg = Debug|Any CPU
		{F8D69543-19C6-437B-BF53-90520038CF38}.Debug|Any CPU.Build.0 = Debug|Any CPU
		{F8D69543-19C6-437B-BF53-90520038CF38}.Debug|x64.ActiveCfg = Debug|Any CPU
		{F8D69543-19C6-437B-BF53-90520038CF38}.Debug|x64.Build.0 = Debug|Any CPU
		{F8D69543-19C6-437B-BF53-90520038CF38}.Debug|x86.ActiveCfg = Debug|Any CPU
		{F8D69543-19C6-437B-BF53-90520038CF38}.Debug|x86.Build.0 = Debug|Any CPU
		{F8D69543-19C6-437B-BF53-90520038CF38}.Release|Any CPU.ActiveCfg = Release|Any CPU
		{F8D69543-19C6-437B-BF53-90520038CF38}.Release|Any CPU.Build.0 = Release|Any CPU
		{F8D69543-19C6-437B-BF53-90520038CF38}.Release|x64.ActiveCfg = Release|Any CPU
		{F8D69543-19C6-437B-BF53-90520038CF38}.Release|x64.Build.0 = Release|Any CPU
		{F8D69543-19C6-437B-BF53-90520038CF38}.Release|x86.ActiveCfg = Release|Any CPU
		{F8D69543-19C6-437B-BF53-90520038CF38}.Release|x86.Build.0 = Release|Any CPU
		{0E4FB8A2-F751-43CB-9F0C-18B1305E93D6}.Debug|Any CPU.ActiveCfg = Debug|Any CPU
		{0E4FB8A2-F751-43CB-9F0C-18B1305E93D6}.Debug|Any CPU.Build.0 = Debug|Any CPU
		{0E4FB8A2-F751-43CB-9F0C-18B1305E93D6}.Debug|x64.ActiveCfg = Debug|Any CPU
		{0E4FB8A2-F751-43CB-9F0C-18B1305E93D6}.Debug|x64.Build.0 = Debug|Any CPU
		{0E4FB8A2-F751-43CB-9F0C-18B1305E93D6}.Debug|x86.ActiveCfg = Debug|Any CPU
		{0E4FB8A2-F751-43CB-9F0C-18B1305E93D6}.Debug|x86.Build.0 = Debug|Any CPU
		{0E4FB8A2-F751-43CB-9F0C-18B1305E93D6}.Release|Any CPU.ActiveCfg = Release|Any CPU
		{0E4FB8A2-F751-43CB-9F0C-18B1305E93D6}.Release|Any CPU.Build.0 = Release|Any CPU
		{0E4FB8A2-F751-43CB-9F0C-18B1305E93D6}.Release|x64.ActiveCfg = Release|Any CPU
		{0E4FB8A2-F751-43CB-9F0C-18B1305E93D6}.Release|x64.Build.0 = Release|Any CPU
		{0E4FB8A2-F751-43CB-9F0C-18B1305E93D6}.Release|x86.ActiveCfg = Release|Any CPU
		{0E4FB8A2-F751-43CB-9F0C-18B1305E93D6}.Release|x86.Build.0 = Release|Any CPU
	EndGlobalSection
	GlobalSection(SolutionProperties) = preSolution
		HideSolutionNode = FALSE
	EndGlobalSection
EndGlobal
